// !$*UTF8*$!
{
	archiveVersion = 1;
	classes = {
	};
	objectVersion = 56;
	objects = {

/* Begin PBXBuildFile section */
		185D980529727D6B002E2117 /* Product.swift in Sources */ = {isa = PBXBuildFile; fileRef = 185D980429727D6B002E2117 /* Product.swift */; };
		185D980A29727FEE002E2117 /* ProductCard.swift in Sources */ = {isa = PBXBuildFile; fileRef = 185D980929727FEE002E2117 /* ProductCard.swift */; };
		185D980D29728AE9002E2117 /* CartButton.swift in Sources */ = {isa = PBXBuildFile; fileRef = 185D980C29728AE8002E2117 /* CartButton.swift */; };
		185D980F29756F78002E2117 /* CartView.swift in Sources */ = {isa = PBXBuildFile; fileRef = 185D980E29756F78002E2117 /* CartView.swift */; };
		185D98112975719A002E2117 /* CartManager.swift in Sources */ = {isa = PBXBuildFile; fileRef = 185D98102975719A002E2117 /* CartManager.swift */; };
		1863499A2975A99F00316CDC /* ProductRow.swift in Sources */ = {isa = PBXBuildFile; fileRef = 186349992975A99F00316CDC /* ProductRow.swift */; };
		1877FA64297196E3008B9DDF /* NishantEcommerceStoreApp.swift in Sources */ = {isa = PBXBuildFile; fileRef = 1877FA63297196E3008B9DDF /* NishantEcommerceStoreApp.swift */; };
		1877FA66297196E3008B9DDF /* ContentView.swift in Sources */ = {isa = PBXBuildFile; fileRef = 1877FA65297196E3008B9DDF /* ContentView.swift */; };
		1877FA68297196E4008B9DDF /* Assets.xcassets in Resources */ = {isa = PBXBuildFile; fileRef = 1877FA67297196E4008B9DDF /* Assets.xcassets */; };
		1877FA6B297196E4008B9DDF /* Preview Assets.xcassets in Resources */ = {isa = PBXBuildFile; fileRef = 1877FA6A297196E4008B9DDF /* Preview Assets.xcassets */; };
/* End PBXBuildFile section */

/* Begin PBXFileReference section */
		185D980429727D6B002E2117 /* Product.swift */ = {isa = PBXFileReference; lastKnownFileType = sourcecode.swift; path = Product.swift; sourceTree = "<group>"; };
		185D980929727FEE002E2117 /* ProductCard.swift */ = {isa = PBXFileReference; lastKnownFileType = sourcecode.swift; path = ProductCard.swift; sourceTree = "<group>"; };
		185D980C29728AE8002E2117 /* CartButton.swift */ = {isa = PBXFileReference; lastKnownFileType = sourcecode.swift; path = CartButton.swift; sourceTree = "<group>"; };
		185D980E29756F78002E2117 /* CartView.swift */ = {isa = PBXFileReference; lastKnownFileType = sourcecode.swift; path = CartView.swift; sourceTree = "<group>"; };
		185D98102975719A002E2117 /* CartManager.swift */ = {isa = PBXFileReference; lastKnownFileType = sourcecode.swift; path = CartManager.swift; sourceTree = "<group>"; };
		186349992975A99F00316CDC /* ProductRow.swift */ = {isa = PBXFileReference; lastKnownFileType = sourcecode.swift; path = ProductRow.swift; sourceTree = "<group>"; };
		1877FA60297196E3008B9DDF /* NishantEcommerceStore.app */ = {isa = PBXFileReference; explicitFileType = wrapper.application; includeInIndex = 0; path = NishantEcommerceStore.app; sourceTree = BUILT_PRODUCTS_DIR; };
		1877FA63297196E3008B9DDF /* NishantEcommerceStoreApp.swift */ = {isa = PBXFileReference; lastKnownFileType = sourcecode.swift; path = NishantEcommerceStoreApp.swift; sourceTree = "<group>"; };
		1877FA65297196E3008B9DDF /* ContentView.swift */ = {isa = PBXFileReference; lastKnownFileType = sourcecode.swift; path = ContentView.swift; sourceTree = "<group>"; };
		1877FA67297196E4008B9DDF /* Assets.xcassets */ = {isa = PBXFileReference; lastKnownFileType = folder.assetcatalog; path = Assets.xcassets; sourceTree = "<group>"; };
		1877FA6A297196E4008B9DDF /* Preview Assets.xcassets */ = {isa = PBXFileReference; lastKnownFileType = folder.assetcatalog; path = "Preview Assets.xcassets"; sourceTree = "<group>"; };
/* End PBXFileReference section */

/* Begin PBXFrameworksBuildPhase section */
		1877FA5D297196E3008B9DDF /* Frameworks */ = {
			isa = PBXFrameworksBuildPhase;
			buildActionMask = 2147483647;
			files = (
			);
			runOnlyForDeploymentPostprocessing = 0;
		};
/* End PBXFrameworksBuildPhase section */

/* Begin PBXGroup section */
		185D980329727D56002E2117 /* Models */ = {
			isa = PBXGroup;
			children = (
				185D980429727D6B002E2117 /* Product.swift */,
			);
			path = Models;
			sourceTree = "<group>";
		};
		185D980629727FB1002E2117 /* Components */ = {
			isa = PBXGroup;
			children = (
				185D980929727FEE002E2117 /* ProductCard.swift */,
				185D980C29728AE8002E2117 /* CartButton.swift */,
				186349992975A99F00316CDC /* ProductRow.swift */,
			);
			path = Components;
			sourceTree = "<group>";
		};
		185D980B297287D5002E2117 /* Views */ = {
			isa = PBXGroup;
			children = (
				1877FA65297196E3008B9DDF /* ContentView.swift */,
				185D980E29756F78002E2117 /* CartView.swift */,
			);
			path = Views;
			sourceTree = "<group>";
		};
		1877FA57297196E3008B9DDF = {
			isa = PBXGroup;
			children = (
				1877FA62297196E3008B9DDF /* NishantEcommerceStore */,
				1877FA61297196E3008B9DDF /* Products */,
			);
			sourceTree = "<group>";
		};
		1877FA61297196E3008B9DDF /* Products */ = {
			isa = PBXGroup;
			children = (
				1877FA60297196E3008B9DDF /* NishantEcommerceStore.app */,
			);
			name = Products;
			sourceTree = "<group>";
		};
		1877FA62297196E3008B9DDF /* NishantEcommerceStore */ = {
			isa = PBXGroup;
			children = (
				1877FA63297196E3008B9DDF /* NishantEcommerceStoreApp.swift */,
				185D980B297287D5002E2117 /* Views */,
				185D980629727FB1002E2117 /* Components */,
				185D980329727D56002E2117 /* Models */,
				1877FA67297196E4008B9DDF /* Assets.xcassets */,
				1877FA69297196E4008B9DDF /* Preview Content */,
				185D98102975719A002E2117 /* CartManager.swift */,
			);
			path = NishantEcommerceStore;
			sourceTree = "<group>";
		};
		1877FA69297196E4008B9DDF /* Preview Content */ = {
			isa = PBXGroup;
			children = (
				1877FA6A297196E4008B9DDF /* Preview Assets.xcassets */,
			);
			path = "Preview Content";
			sourceTree = "<group>";
		};
/* End PBXGroup section */

/* Begin PBXNativeTarget section */
		1877FA5F297196E3008B9DDF /* NishantEcommerceStore */ = {
			isa = PBXNativeTarget;
			buildConfigurationList = 1877FA6E297196E4008B9DDF /* Build configuration list for PBXNativeTarget "NishantEcommerceStore" */;
			buildPhases = (
				1877FA5C297196E3008B9DDF /* Sources */,
				1877FA5D297196E3008B9DDF /* Frameworks */,
				1877FA5E297196E3008B9DDF /* Resources */,
			);
			buildRules = (
			);
			dependencies = (
			);
			name = NishantEcommerceStore;
			productName = NishantEcommerceStore;
			productReference = 1877FA60297196E3008B9DDF /* NishantEcommerceStore.app */;
			productType = "com.apple.product-type.application";
		};
/* End PBXNativeTarget section */

/* Begin PBXProject section */
		1877FA58297196E3008B9DDF /* Project object */ = {
			isa = PBXProject;
			attributes = {
				BuildIndependentTargetsInParallel = 1;
				LastSwiftUpdateCheck = 1420;
				LastUpgradeCheck = 1420;
				TargetAttributes = {
					1877FA5F297196E3008B9DDF = {
						CreatedOnToolsVersion = 14.2;
					};
				};
			};
			buildConfigurationList = 1877FA5B297196E3008B9DDF /* Build configuration list for PBXProject "NishantEcommerceStore" */;
			compatibilityVersion = "Xcode 14.0";
			developmentRegion = en;
			hasScannedForEncodings = 0;
			knownRegions = (
				en,
				Base,
			);
			mainGroup = 1877FA57297196E3008B9DDF;
			productRefGroup = 1877FA61297196E3008B9DDF /* Products */;
			projectDirPath = "";
			projectRoot = "";
			targets = (
				1877FA5F297196E3008B9DDF /* NishantEcommerceStore */,
			);
		};
/* End PBXProject section */

/* Begin PBXResourcesBuildPhase section */
		1877FA5E297196E3008B9DDF /* Resources */ = {
			isa = PBXResourcesBuildPhase;
			buildActionMask = 2147483647;
			files = (
				1877FA6B297196E4008B9DDF /* Preview Assets.xcassets in Resources */,
				1877FA68297196E4008B9DDF /* Assets.xcassets in Resources */,
			);
			runOnlyForDeploymentPostprocessing = 0;
		};
/* End PBXResourcesBuildPhase section */

/* Begin PBXSourcesBuildPhase section */
		1877FA5C297196E3008B9DDF /* Sources */ = {
			isa = PBXSourcesBuildPhase;
			buildActionMask = 2147483647;
			files = (
				185D980F29756F78002E2117 /* CartView.swift in Sources */,
				1877FA66297196E3008B9DDF /* ContentView.swift in Sources */,
				185D98112975719A002E2117 /* CartManager.swift in Sources */,
				1877FA64297196E3008B9DDF /* NishantEcommerceStoreApp.swift in Sources */,
				1863499A2975A99F00316CDC /* ProductRow.swift in Sources */,
				185D980529727D6B002E2117 /* Product.swift in Sources */,
				185D980A29727FEE002E2117 /* ProductCard.swift in Sources */,
				185D980D29728AE9002E2117 /* CartButton.swift in Sources */,
			);
			runOnlyForDeploymentPostprocessing = 0;
		};
/* End PBXSourcesBuildPhase section */

/* Begin XCBuildConfiguration section */
		1877FA6C297196E4008B9DDF /* Debug */ = {
			isa = XCBuildConfiguration;
			buildSettings = {
				ALWAYS_SEARCH_USER_PATHS = NO;
				CLANG_ANALYZER_NONNULL = YES;
				CLANG_ANALYZER_NUMBER_OBJECT_CONVERSION = YES_AGGRESSIVE;
				CLANG_CXX_LANGUAGE_STANDARD = "gnu++20";
				CLANG_ENABLE_MODULES = YES;
				CLANG_ENABLE_OBJC_ARC = YES;
				CLANG_ENABLE_OBJC_WEAK = YES;
				CLANG_WARN_BLOCK_CAPTURE_AUTORELEASING = YES;
				CLANG_WARN_BOOL_CONVERSION = YES;
				CLANG_WARN_COMMA = YES;
				CLANG_WARN_CONSTANT_CONVERSION = YES;
				CLANG_WARN_DEPRECATED_OBJC_IMPLEMENTATIONS = YES;
				CLANG_WARN_DIRECT_OBJC_ISA_USAGE = YES_ERROR;
				CLANG_WARN_DOCUMENTATION_COMMENTS = YES;
				CLANG_WARN_EMPTY_BODY = YES;
				CLANG_WARN_ENUM_CONVERSION = YES;
				CLANG_WARN_INFINITE_RECURSION = YES;
				CLANG_WARN_INT_CONVERSION = YES;
				CLANG_WARN_NON_LITERAL_NULL_CONVERSION = YES;
				CLANG_WARN_OBJC_IMPLICIT_RETAIN_SELF = YES;
				CLANG_WARN_OBJC_LITERAL_CONVERSION = YES;
				CLANG_WARN_OBJC_ROOT_CLASS = YES_ERROR;
				CLANG_WARN_QUOTED_INCLUDE_IN_FRAMEWORK_HEADER = YES;
				CLANG_WARN_RANGE_LOOP_ANALYSIS = YES;
				CLANG_WARN_STRICT_PROTOTYPES = YES;
				CLANG_WARN_SUSPICIOUS_MOVE = YES;
				CLANG_WARN_UNGUARDED_AVAILABILITY = YES_AGGRESSIVE;
				CLANG_WARN_UNREACHABLE_CODE = YES;
				CLANG_WARN__DUPLICATE_METHOD_MATCH = YES;
				COPY_PHASE_STRIP = NO;
				DEBUG_INFORMATION_FORMAT = dwarf;
				ENABLE_STRICT_OBJC_MSGSEND = YES;
				ENABLE_TESTABILITY = YES;
				GCC_C_LANGUAGE_STANDARD = gnu11;
				GCC_DYNAMIC_NO_PIC = NO;
				GCC_NO_COMMON_BLOCKS = YES;
				GCC_OPTIMIZATION_LEVEL = 0;
				GCC_PREPROCESSOR_DEFINITIONS = (
					"DEBUG=1",
					"$(inherited)",
				);
				GCC_WARN_64_TO_32_BIT_CONVERSION = YES;
				GCC_WARN_ABOUT_RETURN_TYPE = YES_ERROR;
				GCC_WARN_UNDECLARED_SELECTOR = YES;
				GCC_WARN_UNINITIALIZED_AUTOS = YES_AGGRESSIVE;
				GCC_WARN_UNUSED_FUNCTION = YES;
				GCC_WARN_UNUSED_VARIABLE = YES;
				IPHONEOS_DEPLOYMENT_TARGET = 16.2;
				MTL_ENABLE_DEBUG_INFO = INCLUDE_SOURCE;
				MTL_FAST_MATH = YES;
				ONLY_ACTIVE_ARCH = YES;
				SDKROOT = iphoneos;
				SWIFT_ACTIVE_COMPILATION_CONDITIONS = DEBUG;
				SWIFT_OPTIMIZATION_LEVEL = "-Onone";
			};
			name = Debug;
		};
		1877FA6D297196E4008B9DDF /* Release */ = {
			isa = XCBuildConfiguration;
			buildSettings = {
				ALWAYS_SEARCH_USER_PATHS = NO;
				CLANG_ANALYZER_NONNULL = YES;
				CLANG_ANALYZER_NUMBER_OBJECT_CONVERSION = YES_AGGRESSIVE;
				CLANG_CXX_LANGUAGE_STANDARD = "gnu++20";
				CLANG_ENABLE_MODULES = YES;
				CLANG_ENABLE_OBJC_ARC = YES;
				CLANG_ENABLE_OBJC_WEAK = YES;
				CLANG_WARN_BLOCK_CAPTURE_AUTORELEASING = YES;
				CLANG_WARN_BOOL_CONVERSION = YES;
				CLANG_WARN_COMMA = YES;
				CLANG_WARN_CONSTANT_CONVERSION = YES;
				CLANG_WARN_DEPRECATED_OBJC_IMPLEMENTATIONS = YES;
				CLANG_WARN_DIRECT_OBJC_ISA_USAGE = YES_ERROR;
				CLANG_WARN_DOCUMENTATION_COMMENTS = YES;
				CLANG_WARN_EMPTY_BODY = YES;
				CLANG_WARN_ENUM_CONVERSION = YES;
				CLANG_WARN_INFINITE_RECURSION = YES;
				CLANG_WARN_INT_CONVERSION = YES;
				CLANG_WARN_NON_LITERAL_NULL_CONVERSION = YES;
				CLANG_WARN_OBJC_IMPLICIT_RETAIN_SELF = YES;
				CLANG_WARN_OBJC_LITERAL_CONVERSION = YES;
				CLANG_WARN_OBJC_ROOT_CLASS = YES_ERROR;
				CLANG_WARN_QUOTED_INCLUDE_IN_FRAMEWORK_HEADER = YES;
				CLANG_WARN_RANGE_LOOP_ANALYSIS = YES;
				CLANG_WARN_STRICT_PROTOTYPES = YES;
				CLANG_WARN_SUSPICIOUS_MOVE = YES;
				CLANG_WARN_UNGUARDED_AVAILABILITY = YES_AGGRESSIVE;
				CLANG_WARN_UNREACHABLE_CODE = YES;
				CLANG_WARN__DUPLICATE_METHOD_MATCH = YES;
				COPY_PHASE_STRIP = NO;
				DEBUG_INFORMATION_FORMAT = "dwarf-with-dsym";
				ENABLE_NS_ASSERTIONS = NO;
				ENABLE_STRICT_OBJC_MSGSEND = YES;
				GCC_C_LANGUAGE_STANDARD = gnu11;
				GCC_NO_COMMON_BLOCKS = YES;
				GCC_WARN_64_TO_32_BIT_CONVERSION = YES;
				GCC_WARN_ABOUT_RETURN_TYPE = YES_ERROR;
				GCC_WARN_UNDECLARED_SELECTOR = YES;
				GCC_WARN_UNINITIALIZED_AUTOS = YES_AGGRESSIVE;
				GCC_WARN_UNUSED_FUNCTION = YES;
				GCC_WARN_UNUSED_VARIABLE = YES;
				IPHONEOS_DEPLOYMENT_TARGET = 16.2;
				MTL_ENABLE_DEBUG_INFO = NO;
				MTL_FAST_MATH = YES;
				SDKROOT = iphoneos;
				SWIFT_COMPILATION_MODE = wholemodule;
				SWIFT_OPTIMIZATION_LEVEL = "-O";
				VALIDATE_PRODUCT = YES;
			};
			name = Release;
		};
		1877FA6F297196E4008B9DDF /* Debug */ = {
			isa = XCBuildConfiguration;
			buildSettings = {
				ASSETCATALOG_COMPILER_APPICON_NAME = AppIcon;
				ASSETCATALOG_COMPILER_GLOBAL_ACCENT_COLOR_NAME = AccentColor;
				CODE_SIGN_STYLE = Automatic;
				CURRENT_PROJECT_VERSION = 1;
				DEVELOPMENT_ASSET_PATHS = "\"NishantEcommerceStore/Preview Content\"";
				DEVELOPMENT_TEAM = L3DJ99R873;
				ENABLE_PREVIEWS = YES;
				GENERATE_INFOPLIST_FILE = YES;
				INFOPLIST_KEY_UIApplicationSceneManifest_Generation = YES;
				INFOPLIST_KEY_UIApplicationSupportsIndirectInputEvents = YES;
				INFOPLIST_KEY_UILaunchScreen_Generation = YES;
				INFOPLIST_KEY_UISupportedInterfaceOrientations_iPad = "UIInterfaceOrientationPortrait UIInterfaceOrientationPortraitUpsideDown UIInterfaceOrientationLandscapeLeft UIInterfaceOrientationLandscapeRight";
				INFOPLIST_KEY_UISupportedInterfaceOrientations_iPhone = "UIInterfaceOrientationPortrait UIInterfaceOrientationLandscapeLeft UIInterfaceOrientationLandscapeRight";
				LD_RUNPATH_SEARCH_PATHS = (
					"$(inherited)",
					"@executable_path/Frameworks",
				);
				MARKETING_VERSION = 1.0;
				PRODUCT_BUNDLE_IDENTIFIER = me.nepal.nishant.NishantEcommerceStore;
				PRODUCT_NAME = "$(TARGET_NAME)";
				SWIFT_EMIT_LOC_STRINGS = YES;
				SWIFT_VERSION = 5.0;
				TARGETED_DEVICE_FAMILY = "1,2";
			};
			name = Debug;
		};
		1877FA70297196E4008B9DDF /* Release */ = {
			isa = XCBuildConfiguration;
			buildSettings = {
				ASSETCATALOG_COMPILER_APPICON_NAME = AppIcon;
				ASSETCATALOG_COMPILER_GLOBAL_ACCENT_COLOR_NAME = AccentColor;
				CODE_SIGN_STYLE = Automatic;
				CURRENT_PROJECT_VERSION = 1;
				DEVELOPMENT_ASSET_PATHS = "\"NishantEcommerceStore/Preview Content\"";
				DEVELOPMENT_TEAM = L3DJ99R873;
				ENABLE_PREVIEWS = YES;
				GENERATE_INFOPLIST_FILE = YES;
				INFOPLIST_KEY_UIApplicationSceneManifest_Generation = YES;
				INFOPLIST_KEY_UIApplicationSupportsIndirectInputEvents = YES;
				INFOPLIST_KEY_UILaunchScreen_Generation = YES;
				INFOPLIST_KEY_UISupportedInterfaceOrientations_iPad = "UIInterfaceOrientationPortrait UIInterfaceOrientationPortraitUpsideDown UIInterfaceOrientationLandscapeLeft UIInterfaceOrientationLandscapeRight";
				INFOPLIST_KEY_UISupportedInterfaceOrientations_iPhone = "UIInterfaceOrientationPortrait UIInterfaceOrientationLandscapeLeft UIInterfaceOrientationLandscapeRight";
				LD_RUNPATH_SEARCH_PATHS = (
					"$(inherited)",
					"@executable_path/Frameworks",
				);
				MARKETING_VERSION = 1.0;
				PRODUCT_BUNDLE_IDENTIFIER = me.nepal.nishant.NishantEcommerceStore;
				PRODUCT_NAME = "$(TARGET_NAME)";
				SWIFT_EMIT_LOC_STRINGS = YES;
				SWIFT_VERSION = 5.0;
				TARGETED_DEVICE_FAMILY = "1,2";
			};
			name = Release;
		};
/* End XCBuildConfiguration section */

/* Begin XCConfigurationList section */
		1877FA5B297196E3008B9DDF /* Build configuration list for PBXProject "NishantEcommerceStore" */ = {
			isa = XCConfigurationList;
			buildConfigurations = (
				1877FA6C297196E4008B9DDF /* Debug */,
				1877FA6D297196E4008B9DDF /* Release */,
			);
			defaultConfigurationIsVisible = 0;
			defaultConfigurationName = Release;
		};
		1877FA6E297196E4008B9DDF /* Build configuration list for PBXNativeTarget "NishantEcommerceStore" */ = {
			isa = XCConfigurationList;
			buildConfigurations = (
				1877FA6F297196E4008B9DDF /* Debug */,
				1877FA70297196E4008B9DDF /* Release */,
			);
			defaultConfigurationIsVisible = 0;
			defaultConfigurationName = Release;
		};
/* End XCConfigurationList section */
	};
	rootObject = 1877FA58297196E3008B9DDF /* Project object */;
}
